
Microsoft Visual Studio Solution File, Format Version 12.00
# Visual Studio 15
VisualStudioVersion = 15.0.28307.102
MinimumVisualStudioVersion = 10.0.40219.1
Project("{9A19103F-16F7-4668-BE54-9A1E7A4F7556}") = "Domain", "Domain\Domain.csproj", "{B17F2D80-E741-4B80-B752-F836E055C756}"
EndProject
Project("{9A19103F-16F7-4668-BE54-9A1E7A4F7556}") = "Tests", "Tests\Tests.csproj", "{1E37F677-7441-46D2-9ACF-FF109612A108}"
EndProject
Project("{9A19103F-16F7-4668-BE54-9A1E7A4F7556}") = "WebUi", "WebUi\WebUi.csproj", "{317F35E5-D53C-463B-8908-D741687512B3}"
EndProject
Global
	GlobalSection(SolutionConfigurationPlatforms) = preSolution
		Debug|Any CPU = Debug|Any CPU
		Release|Any CPU = Release|Any CPU
	EndGlobalSection
	GlobalSection(ProjectConfigurationPlatforms) = postSolution
		{B17F2D80-E741-4B80-B752-F836E055C756}.Debug|Any CPU.ActiveCfg = Debug|Any CPU
		{B17F2D80-E741-4B80-B752-F836E055C756}.Debug|Any CPU.Build.0 = Debug|Any CPU
		{B17F2D80-E741-4B80-B752-F836E055C756}.Release|Any CPU.ActiveCfg = Release|Any CPU
		{B17F2D80-E741-4B80-B752-F836E055C756}.Release|Any CPU.Build.0 = Release|Any CPU
		{1E37F677-7441-46D2-9ACF-FF109612A108}.Debug|Any CPU.ActiveCfg = Debug|Any CPU
		{1E37F677-7441-46D2-9ACF-FF109612A108}.Debug|Any CPU.Build.0 = Debug|Any CPU
		{1E37F677-7441-46D2-9ACF-FF109612A108}.Release|Any CPU.ActiveCfg = Release|Any CPU
		{1E37F677-7441-46D2-9ACF-FF109612A108}.Release|Any CPU.Build.0 = Release|Any CPU
		{317F35E5-D53C-463B-8908-D741687512B3}.Debug|Any CPU.ActiveCfg = Debug|Any CPU
		{317F35E5-D53C-463B-8908-D741687512B3}.Debug|Any CPU.Build.0 = Debug|Any CPU
		{317F35E5-D53C-463B-8908-D741687512B3}.Release|Any CPU.ActiveCfg = Release|Any CPU
		{317F35E5-D53C-463B-8908-D741687512B3}.Release|Any CPU.Build.0 = Release|Any CPU
	EndGlobalSection
	GlobalSection(SolutionProperties) = preSolution
		HideSolutionNode = FALSE
	EndGlobalSection
	GlobalSection(ExtensibilityGlobals) = postSolution
		SolutionGuid = {6B792C9C-9BB5-4C10-AAD4-CE924AC3D8A9}
	EndGlobalSection
EndGlobal
